
Microsoft Visual Studio Solution File, Format Version 12.00
Project("{FAE04EC0-301F-11D3-BF4B-00C04F79EFBC}") = "FirstApi2", "FirstApi2.csproj", "{F77A8338-8C32-4CE2-8A46-2423AF73DCF2}"
EndProject
Global
	GlobalSection(SolutionConfigurationPlatforms) = preSolution
		Debug|Any CPU = Debug|Any CPU
		Release|Any CPU = Release|Any CPU
	EndGlobalSection
	GlobalSection(ProjectConfigurationPlatforms) = postSolution
		{F77A8338-8C32-4CE2-8A46-2423AF73DCF2}.Debug|Any CPU.ActiveCfg = Debug|Any CPU
		{F77A8338-8C32-4CE2-8A46-2423AF73DCF2}.Debug|Any CPU.Build.0 = Debug|Any CPU
		{F77A8338-8C32-4CE2-8A46-2423AF73DCF2}.Release|Any CPU.ActiveCfg = Release|Any CPU
		{F77A8338-8C32-4CE2-8A46-2423AF73DCF2}.Release|Any CPU.Build.0 = Release|Any CPU
	EndGlobalSection
EndGlobal
